// !$*UTF8*$!
{
	archiveVersion = 1;
	classes = {
	};
	objectVersion = 56;
	objects = {

/* Begin PBXBuildFile section */
		1D0C905F2A93DB740095C691 /* ContentView.swift in Sources */ = {isa = PBXBuildFile; fileRef = 1D0C905E2A93DB740095C691 /* ContentView.swift */; };
		1D1C9AE52A94C23600A667F7 /* MainView.swift in Sources */ = {isa = PBXBuildFile; fileRef = 1D1C9AE42A94C23600A667F7 /* MainView.swift */; };
		1D1C9AE72A94C2E200A667F7 /* ProfileView.swift in Sources */ = {isa = PBXBuildFile; fileRef = 1D1C9AE62A94C2E200A667F7 /* ProfileView.swift */; };
		1D33A3BD2A0074280023FC56 /* LoginView.swift in Sources */ = {isa = PBXBuildFile; fileRef = 1D33A3BC2A0074280023FC56 /* LoginView.swift */; };
		1D958B2B2A938B690079CE2E /* RiveRuntime in Frameworks */ = {isa = PBXBuildFile; productRef = 1D958B2A2A938B690079CE2E /* RiveRuntime */; };
		1D958B2D2A938BED0079CE2E /* after_start_animation.riv in Resources */ = {isa = PBXBuildFile; fileRef = 1D958B2C2A938BEC0079CE2E /* after_start_animation.riv */; };
		1D958B2E2A938BED0079CE2E /* after_start_animation.riv in Resources */ = {isa = PBXBuildFile; fileRef = 1D958B2C2A938BEC0079CE2E /* after_start_animation.riv */; };
		1D958B2F2A938BED0079CE2E /* after_start_animation.riv in Resources */ = {isa = PBXBuildFile; fileRef = 1D958B2C2A938BEC0079CE2E /* after_start_animation.riv */; };
		1DB0345729FF0E39008AB429 /* AfterAppApp.swift in Sources */ = {isa = PBXBuildFile; fileRef = 1DB0345629FF0E39008AB429 /* AfterAppApp.swift */; };
		1DB0345929FF0E39008AB429 /* AlbumListView.swift in Sources */ = {isa = PBXBuildFile; fileRef = 1DB0345829FF0E39008AB429 /* AlbumListView.swift */; };
		1DB0345B29FF0E3B008AB429 /* Assets.xcassets in Resources */ = {isa = PBXBuildFile; fileRef = 1DB0345A29FF0E3B008AB429 /* Assets.xcassets */; };
		1DB0345E29FF0E3B008AB429 /* Preview Assets.xcassets in Resources */ = {isa = PBXBuildFile; fileRef = 1DB0345D29FF0E3B008AB429 /* Preview Assets.xcassets */; };
		1DB0346829FF0E3B008AB429 /* AfterAppTests.swift in Sources */ = {isa = PBXBuildFile; fileRef = 1DB0346729FF0E3B008AB429 /* AfterAppTests.swift */; };
		1DB0347229FF0E3B008AB429 /* AfterAppUITests.swift in Sources */ = {isa = PBXBuildFile; fileRef = 1DB0347129FF0E3B008AB429 /* AfterAppUITests.swift */; };
		1DB0347429FF0E3B008AB429 /* AfterAppUITestsLaunchTests.swift in Sources */ = {isa = PBXBuildFile; fileRef = 1DB0347329FF0E3B008AB429 /* AfterAppUITestsLaunchTests.swift */; };
		1DB2B7882A939CB200413B9B /* CreateAccountView.swift in Sources */ = {isa = PBXBuildFile; fileRef = 1DB2B7872A939CB200413B9B /* CreateAccountView.swift */; };
		1DF8DF432A92967E008EA537 /* Photo.swift in Sources */ = {isa = PBXBuildFile; fileRef = 1DF8DF422A92967E008EA537 /* Photo.swift */; };
		1DF8DF452A9296C0008EA537 /* Album.swift in Sources */ = {isa = PBXBuildFile; fileRef = 1DF8DF442A9296C0008EA537 /* Album.swift */; };
		1DF8DF472A929B3B008EA537 /* GoogleService-Info.plist in Resources */ = {isa = PBXBuildFile; fileRef = 1DF8DF462A929B3B008EA537 /* GoogleService-Info.plist */; };
		1DF8DF482A929B3B008EA537 /* GoogleService-Info.plist in Resources */ = {isa = PBXBuildFile; fileRef = 1DF8DF462A929B3B008EA537 /* GoogleService-Info.plist */; };
		1DF8DF492A929B3B008EA537 /* GoogleService-Info.plist in Resources */ = {isa = PBXBuildFile; fileRef = 1DF8DF462A929B3B008EA537 /* GoogleService-Info.plist */; };
		1DF8DF4C2A929CAE008EA537 /* FirebaseAuth in Frameworks */ = {isa = PBXBuildFile; productRef = 1DF8DF4B2A929CAE008EA537 /* FirebaseAuth */; };
		1DF8DF4E2A929CAE008EA537 /* FirebaseFirestore in Frameworks */ = {isa = PBXBuildFile; productRef = 1DF8DF4D2A929CAE008EA537 /* FirebaseFirestore */; };
		1DF8DF502A929CAE008EA537 /* FirebaseFirestoreSwift in Frameworks */ = {isa = PBXBuildFile; productRef = 1DF8DF4F2A929CAE008EA537 /* FirebaseFirestoreSwift */; };
		1DF8DF532A92A0FC008EA537 /* AlbumRepository.swift in Sources */ = {isa = PBXBuildFile; fileRef = 1DF8DF522A92A0FC008EA537 /* AlbumRepository.swift */; };
		1DF8DF542A92A0FC008EA537 /* AlbumRepository.swift in Sources */ = {isa = PBXBuildFile; fileRef = 1DF8DF522A92A0FC008EA537 /* AlbumRepository.swift */; };
		1DF8DF552A92A0FC008EA537 /* AlbumRepository.swift in Sources */ = {isa = PBXBuildFile; fileRef = 1DF8DF522A92A0FC008EA537 /* AlbumRepository.swift */; };
		1DF8DF572A92A3A0008EA537 /* AlbumListViewModel.swift in Sources */ = {isa = PBXBuildFile; fileRef = 1DF8DF562A92A3A0008EA537 /* AlbumListViewModel.swift */; };
		1DF8DF582A92A3A0008EA537 /* AlbumListViewModel.swift in Sources */ = {isa = PBXBuildFile; fileRef = 1DF8DF562A92A3A0008EA537 /* AlbumListViewModel.swift */; };
		1DF8DF592A92A3A0008EA537 /* AlbumListViewModel.swift in Sources */ = {isa = PBXBuildFile; fileRef = 1DF8DF562A92A3A0008EA537 /* AlbumListViewModel.swift */; };
		1DF8DF5F2A92BF07008EA537 /* AuthenticationViewModel.swift in Sources */ = {isa = PBXBuildFile; fileRef = 1DF8DF5E2A92BF07008EA537 /* AuthenticationViewModel.swift */; };
		1DF8DF602A92BF07008EA537 /* AuthenticationViewModel.swift in Sources */ = {isa = PBXBuildFile; fileRef = 1DF8DF5E2A92BF07008EA537 /* AuthenticationViewModel.swift */; };
		1DF8DF612A92BF07008EA537 /* AuthenticationViewModel.swift in Sources */ = {isa = PBXBuildFile; fileRef = 1DF8DF5E2A92BF07008EA537 /* AuthenticationViewModel.swift */; };
/* End PBXBuildFile section */

/* Begin PBXContainerItemProxy section */
		1DB0346429FF0E3B008AB429 /* PBXContainerItemProxy */ = {
			isa = PBXContainerItemProxy;
			containerPortal = 1DB0344B29FF0E39008AB429 /* Project object */;
			proxyType = 1;
			remoteGlobalIDString = 1DB0345229FF0E39008AB429;
			remoteInfo = AfterApp;
		};
		1DB0346E29FF0E3B008AB429 /* PBXContainerItemProxy */ = {
			isa = PBXContainerItemProxy;
			containerPortal = 1DB0344B29FF0E39008AB429 /* Project object */;
			proxyType = 1;
			remoteGlobalIDString = 1DB0345229FF0E39008AB429;
			remoteInfo = AfterApp;
		};
/* End PBXContainerItemProxy section */

/* Begin PBXFileReference section */
		1D0C905E2A93DB740095C691 /* ContentView.swift */ = {isa = PBXFileReference; lastKnownFileType = sourcecode.swift; path = ContentView.swift; sourceTree = "<group>"; };
		1D1C9AE42A94C23600A667F7 /* MainView.swift */ = {isa = PBXFileReference; lastKnownFileType = sourcecode.swift; path = MainView.swift; sourceTree = "<group>"; };
		1D1C9AE62A94C2E200A667F7 /* ProfileView.swift */ = {isa = PBXFileReference; lastKnownFileType = sourcecode.swift; path = ProfileView.swift; sourceTree = "<group>"; };
		1D33A3BC2A0074280023FC56 /* LoginView.swift */ = {isa = PBXFileReference; lastKnownFileType = sourcecode.swift; path = LoginView.swift; sourceTree = "<group>"; };
		1D958B2C2A938BEC0079CE2E /* after_start_animation.riv */ = {isa = PBXFileReference; lastKnownFileType = file; path = after_start_animation.riv; sourceTree = "<group>"; };
		1DB0345329FF0E39008AB429 /* AfterApp.app */ = {isa = PBXFileReference; explicitFileType = wrapper.application; includeInIndex = 0; path = AfterApp.app; sourceTree = BUILT_PRODUCTS_DIR; };
		1DB0345629FF0E39008AB429 /* AfterAppApp.swift */ = {isa = PBXFileReference; lastKnownFileType = sourcecode.swift; path = AfterAppApp.swift; sourceTree = "<group>"; };
		1DB0345829FF0E39008AB429 /* AlbumListView.swift */ = {isa = PBXFileReference; lastKnownFileType = sourcecode.swift; path = AlbumListView.swift; sourceTree = "<group>"; };
		1DB0345A29FF0E3B008AB429 /* Assets.xcassets */ = {isa = PBXFileReference; lastKnownFileType = folder.assetcatalog; path = Assets.xcassets; sourceTree = "<group>"; };
		1DB0345D29FF0E3B008AB429 /* Preview Assets.xcassets */ = {isa = PBXFileReference; lastKnownFileType = folder.assetcatalog; path = "Preview Assets.xcassets"; sourceTree = "<group>"; };
		1DB0346329FF0E3B008AB429 /* AfterAppTests.xctest */ = {isa = PBXFileReference; explicitFileType = wrapper.cfbundle; includeInIndex = 0; path = AfterAppTests.xctest; sourceTree = BUILT_PRODUCTS_DIR; };
		1DB0346729FF0E3B008AB429 /* AfterAppTests.swift */ = {isa = PBXFileReference; lastKnownFileType = sourcecode.swift; path = AfterAppTests.swift; sourceTree = "<group>"; };
		1DB0346D29FF0E3B008AB429 /* AfterAppUITests.xctest */ = {isa = PBXFileReference; explicitFileType = wrapper.cfbundle; includeInIndex = 0; path = AfterAppUITests.xctest; sourceTree = BUILT_PRODUCTS_DIR; };
		1DB0347129FF0E3B008AB429 /* AfterAppUITests.swift */ = {isa = PBXFileReference; lastKnownFileType = sourcecode.swift; path = AfterAppUITests.swift; sourceTree = "<group>"; };
		1DB0347329FF0E3B008AB429 /* AfterAppUITestsLaunchTests.swift */ = {isa = PBXFileReference; lastKnownFileType = sourcecode.swift; path = AfterAppUITestsLaunchTests.swift; sourceTree = "<group>"; };
		1DB2B7872A939CB200413B9B /* CreateAccountView.swift */ = {isa = PBXFileReference; lastKnownFileType = sourcecode.swift; path = CreateAccountView.swift; sourceTree = "<group>"; };
		1DF8DF422A92967E008EA537 /* Photo.swift */ = {isa = PBXFileReference; lastKnownFileType = sourcecode.swift; path = Photo.swift; sourceTree = "<group>"; };
		1DF8DF442A9296C0008EA537 /* Album.swift */ = {isa = PBXFileReference; lastKnownFileType = sourcecode.swift; path = Album.swift; sourceTree = "<group>"; };
		1DF8DF462A929B3B008EA537 /* GoogleService-Info.plist */ = {isa = PBXFileReference; fileEncoding = 4; lastKnownFileType = text.plist.xml; path = "GoogleService-Info.plist"; sourceTree = "<group>"; };
		1DF8DF522A92A0FC008EA537 /* AlbumRepository.swift */ = {isa = PBXFileReference; lastKnownFileType = sourcecode.swift; path = AlbumRepository.swift; sourceTree = "<group>"; };
		1DF8DF562A92A3A0008EA537 /* AlbumListViewModel.swift */ = {isa = PBXFileReference; lastKnownFileType = sourcecode.swift; path = AlbumListViewModel.swift; sourceTree = "<group>"; };
		1DF8DF5E2A92BF07008EA537 /* AuthenticationViewModel.swift */ = {isa = PBXFileReference; lastKnownFileType = sourcecode.swift; path = AuthenticationViewModel.swift; sourceTree = "<group>"; };
/* End PBXFileReference section */

/* Begin PBXFrameworksBuildPhase section */
		1DB0345029FF0E39008AB429 /* Frameworks */ = {
			isa = PBXFrameworksBuildPhase;
			buildActionMask = 2147483647;
			files = (
				1DF8DF4C2A929CAE008EA537 /* FirebaseAuth in Frameworks */,
				1D958B2B2A938B690079CE2E /* RiveRuntime in Frameworks */,
				1DF8DF4E2A929CAE008EA537 /* FirebaseFirestore in Frameworks */,
				1DF8DF502A929CAE008EA537 /* FirebaseFirestoreSwift in Frameworks */,
			);
			runOnlyForDeploymentPostprocessing = 0;
		};
		1DB0346029FF0E3B008AB429 /* Frameworks */ = {
			isa = PBXFrameworksBuildPhase;
			buildActionMask = 2147483647;
			files = (
			);
			runOnlyForDeploymentPostprocessing = 0;
		};
		1DB0346A29FF0E3B008AB429 /* Frameworks */ = {
			isa = PBXFrameworksBuildPhase;
			buildActionMask = 2147483647;
			files = (
			);
			runOnlyForDeploymentPostprocessing = 0;
		};
/* End PBXFrameworksBuildPhase section */

/* Begin PBXGroup section */
		1DB0344A29FF0E39008AB429 = {
			isa = PBXGroup;
			children = (
				1DB0345529FF0E39008AB429 /* AfterApp */,
				1DB0346629FF0E3B008AB429 /* AfterAppTests */,
				1DB0347029FF0E3B008AB429 /* AfterAppUITests */,
				1DB0345429FF0E39008AB429 /* Products */,
			);
			sourceTree = "<group>";
		};
		1DB0345429FF0E39008AB429 /* Products */ = {
			isa = PBXGroup;
			children = (
				1DB0345329FF0E39008AB429 /* AfterApp.app */,
				1DB0346329FF0E3B008AB429 /* AfterAppTests.xctest */,
				1DB0346D29FF0E3B008AB429 /* AfterAppUITests.xctest */,
			);
			name = Products;
			sourceTree = "<group>";
		};
		1DB0345529FF0E39008AB429 /* AfterApp */ = {
			isa = PBXGroup;
			children = (
				1DF8DF512A92A0EC008EA537 /* Repository */,
				1DF8DF402A929478008EA537 /* Views */,
				1DF8DF3F2A929472008EA537 /* ViewModels */,
				1DF8DF3E2A92945B008EA537 /* Models */,
				1DF8DF462A929B3B008EA537 /* GoogleService-Info.plist */,
				1DB0345629FF0E39008AB429 /* AfterAppApp.swift */,
				1DB0345A29FF0E3B008AB429 /* Assets.xcassets */,
				1D958B2C2A938BEC0079CE2E /* after_start_animation.riv */,
				1DB0345C29FF0E3B008AB429 /* Preview Content */,
			);
			path = AfterApp;
			sourceTree = "<group>";
		};
		1DB0345C29FF0E3B008AB429 /* Preview Content */ = {
			isa = PBXGroup;
			children = (
				1DB0345D29FF0E3B008AB429 /* Preview Assets.xcassets */,
			);
			path = "Preview Content";
			sourceTree = "<group>";
		};
		1DB0346629FF0E3B008AB429 /* AfterAppTests */ = {
			isa = PBXGroup;
			children = (
				1DB0346729FF0E3B008AB429 /* AfterAppTests.swift */,
			);
			path = AfterAppTests;
			sourceTree = "<group>";
		};
		1DB0347029FF0E3B008AB429 /* AfterAppUITests */ = {
			isa = PBXGroup;
			children = (
				1DB0347129FF0E3B008AB429 /* AfterAppUITests.swift */,
				1DB0347329FF0E3B008AB429 /* AfterAppUITestsLaunchTests.swift */,
			);
			path = AfterAppUITests;
			sourceTree = "<group>";
		};
		1DF8DF3E2A92945B008EA537 /* Models */ = {
			isa = PBXGroup;
			children = (
				1DF8DF422A92967E008EA537 /* Photo.swift */,
				1DF8DF442A9296C0008EA537 /* Album.swift */,
			);
			path = Models;
			sourceTree = "<group>";
		};
		1DF8DF3F2A929472008EA537 /* ViewModels */ = {
			isa = PBXGroup;
			children = (
				1DF8DF562A92A3A0008EA537 /* AlbumListViewModel.swift */,
				1DF8DF5E2A92BF07008EA537 /* AuthenticationViewModel.swift */,
			);
			path = ViewModels;
			sourceTree = "<group>";
		};
		1DF8DF402A929478008EA537 /* Views */ = {
			isa = PBXGroup;
			children = (
				1DB0345829FF0E39008AB429 /* AlbumListView.swift */,
				1D33A3BC2A0074280023FC56 /* LoginView.swift */,
				1DB2B7872A939CB200413B9B /* CreateAccountView.swift */,
				1D0C905E2A93DB740095C691 /* ContentView.swift */,
				1D1C9AE42A94C23600A667F7 /* MainView.swift */,
				1D1C9AE62A94C2E200A667F7 /* ProfileView.swift */,
			);
			path = Views;
			sourceTree = "<group>";
		};
		1DF8DF512A92A0EC008EA537 /* Repository */ = {
			isa = PBXGroup;
			children = (
				1DF8DF522A92A0FC008EA537 /* AlbumRepository.swift */,
			);
			path = Repository;
			sourceTree = "<group>";
		};
/* End PBXGroup section */

/* Begin PBXNativeTarget section */
		1DB0345229FF0E39008AB429 /* AfterApp */ = {
			isa = PBXNativeTarget;
			buildConfigurationList = 1DB0347729FF0E3B008AB429 /* Build configuration list for PBXNativeTarget "AfterApp" */;
			buildPhases = (
				1DB0344F29FF0E39008AB429 /* Sources */,
				1DB0345029FF0E39008AB429 /* Frameworks */,
				1DB0345129FF0E39008AB429 /* Resources */,
			);
			buildRules = (
			);
			dependencies = (
			);
			name = AfterApp;
			packageProductDependencies = (
				1DF8DF4B2A929CAE008EA537 /* FirebaseAuth */,
				1DF8DF4D2A929CAE008EA537 /* FirebaseFirestore */,
				1DF8DF4F2A929CAE008EA537 /* FirebaseFirestoreSwift */,
				1D958B2A2A938B690079CE2E /* RiveRuntime */,
			);
			productName = AfterApp;
			productReference = 1DB0345329FF0E39008AB429 /* AfterApp.app */;
			productType = "com.apple.product-type.application";
		};
		1DB0346229FF0E3B008AB429 /* AfterAppTests */ = {
			isa = PBXNativeTarget;
			buildConfigurationList = 1DB0347A29FF0E3B008AB429 /* Build configuration list for PBXNativeTarget "AfterAppTests" */;
			buildPhases = (
				1DB0345F29FF0E3B008AB429 /* Sources */,
				1DB0346029FF0E3B008AB429 /* Frameworks */,
				1DB0346129FF0E3B008AB429 /* Resources */,
			);
			buildRules = (
			);
			dependencies = (
				1DB0346529FF0E3B008AB429 /* PBXTargetDependency */,
			);
			name = AfterAppTests;
			productName = AfterAppTests;
			productReference = 1DB0346329FF0E3B008AB429 /* AfterAppTests.xctest */;
			productType = "com.apple.product-type.bundle.unit-test";
		};
		1DB0346C29FF0E3B008AB429 /* AfterAppUITests */ = {
			isa = PBXNativeTarget;
			buildConfigurationList = 1DB0347D29FF0E3B008AB429 /* Build configuration list for PBXNativeTarget "AfterAppUITests" */;
			buildPhases = (
				1DB0346929FF0E3B008AB429 /* Sources */,
				1DB0346A29FF0E3B008AB429 /* Frameworks */,
				1DB0346B29FF0E3B008AB429 /* Resources */,
			);
			buildRules = (
			);
			dependencies = (
				1DB0346F29FF0E3B008AB429 /* PBXTargetDependency */,
			);
			name = AfterAppUITests;
			productName = AfterAppUITests;
			productReference = 1DB0346D29FF0E3B008AB429 /* AfterAppUITests.xctest */;
			productType = "com.apple.product-type.bundle.ui-testing";
		};
/* End PBXNativeTarget section */

/* Begin PBXProject section */
		1DB0344B29FF0E39008AB429 /* Project object */ = {
			isa = PBXProject;
			attributes = {
				BuildIndependentTargetsInParallel = 1;
				LastSwiftUpdateCheck = 1410;
				LastUpgradeCheck = 1410;
				TargetAttributes = {
					1DB0345229FF0E39008AB429 = {
						CreatedOnToolsVersion = 14.1;
					};
					1DB0346229FF0E3B008AB429 = {
						CreatedOnToolsVersion = 14.1;
						TestTargetID = 1DB0345229FF0E39008AB429;
					};
					1DB0346C29FF0E3B008AB429 = {
						CreatedOnToolsVersion = 14.1;
						TestTargetID = 1DB0345229FF0E39008AB429;
					};
				};
			};
			buildConfigurationList = 1DB0344E29FF0E39008AB429 /* Build configuration list for PBXProject "AfterApp" */;
			compatibilityVersion = "Xcode 14.0";
			developmentRegion = en;
			hasScannedForEncodings = 0;
			knownRegions = (
				en,
				Base,
			);
			mainGroup = 1DB0344A29FF0E39008AB429;
			packageReferences = (
				1DF8DF4A2A929CAE008EA537 /* XCRemoteSwiftPackageReference "firebase-ios-sdk" */,
				1D958B292A938B690079CE2E /* XCRemoteSwiftPackageReference "rive-ios" */,
			);
			productRefGroup = 1DB0345429FF0E39008AB429 /* Products */;
			projectDirPath = "";
			projectRoot = "";
			targets = (
				1DB0345229FF0E39008AB429 /* AfterApp */,
				1DB0346229FF0E3B008AB429 /* AfterAppTests */,
				1DB0346C29FF0E3B008AB429 /* AfterAppUITests */,
			);
		};
/* End PBXProject section */

/* Begin PBXResourcesBuildPhase section */
		1DB0345129FF0E39008AB429 /* Resources */ = {
			isa = PBXResourcesBuildPhase;
			buildActionMask = 2147483647;
			files = (
				1DB0345E29FF0E3B008AB429 /* Preview Assets.xcassets in Resources */,
				1DB0345B29FF0E3B008AB429 /* Assets.xcassets in Resources */,
				1D958B2D2A938BED0079CE2E /* after_start_animation.riv in Resources */,
				1DF8DF472A929B3B008EA537 /* GoogleService-Info.plist in Resources */,
			);
			runOnlyForDeploymentPostprocessing = 0;
		};
		1DB0346129FF0E3B008AB429 /* Resources */ = {
			isa = PBXResourcesBuildPhase;
			buildActionMask = 2147483647;
			files = (
				1D958B2E2A938BED0079CE2E /* after_start_animation.riv in Resources */,
				1DF8DF482A929B3B008EA537 /* GoogleService-Info.plist in Resources */,
			);
			runOnlyForDeploymentPostprocessing = 0;
		};
		1DB0346B29FF0E3B008AB429 /* Resources */ = {
			isa = PBXResourcesBuildPhase;
			buildActionMask = 2147483647;
			files = (
				1D958B2F2A938BED0079CE2E /* after_start_animation.riv in Resources */,
				1DF8DF492A929B3B008EA537 /* GoogleService-Info.plist in Resources */,
			);
			runOnlyForDeploymentPostprocessing = 0;
		};
/* End PBXResourcesBuildPhase section */

/* Begin PBXSourcesBuildPhase section */
		1DB0344F29FF0E39008AB429 /* Sources */ = {
			isa = PBXSourcesBuildPhase;
			buildActionMask = 2147483647;
			files = (
				1DF8DF432A92967E008EA537 /* Photo.swift in Sources */,
				1D33A3BD2A0074280023FC56 /* LoginView.swift in Sources */,
				1DB0345929FF0E39008AB429 /* AlbumListView.swift in Sources */,
				1DB2B7882A939CB200413B9B /* CreateAccountView.swift in Sources */,
				1D1C9AE72A94C2E200A667F7 /* ProfileView.swift in Sources */,
				1DF8DF532A92A0FC008EA537 /* AlbumRepository.swift in Sources */,
				1DF8DF5F2A92BF07008EA537 /* AuthenticationViewModel.swift in Sources */,
				1D0C905F2A93DB740095C691 /* ContentView.swift in Sources */,
				1D1C9AE52A94C23600A667F7 /* MainView.swift in Sources */,
				1DB0345729FF0E39008AB429 /* AfterAppApp.swift in Sources */,
				1DF8DF572A92A3A0008EA537 /* AlbumListViewModel.swift in Sources */,
				1DF8DF452A9296C0008EA537 /* Album.swift in Sources */,
			);
			runOnlyForDeploymentPostprocessing = 0;
		};
		1DB0345F29FF0E3B008AB429 /* Sources */ = {
			isa = PBXSourcesBuildPhase;
			buildActionMask = 2147483647;
			files = (
				1DF8DF602A92BF07008EA537 /* AuthenticationViewModel.swift in Sources */,
				1DB0346829FF0E3B008AB429 /* AfterAppTests.swift in Sources */,
				1DF8DF542A92A0FC008EA537 /* AlbumRepository.swift in Sources */,
				1DF8DF582A92A3A0008EA537 /* AlbumListViewModel.swift in Sources */,
			);
			runOnlyForDeploymentPostprocessing = 0;
		};
		1DB0346929FF0E3B008AB429 /* Sources */ = {
			isa = PBXSourcesBuildPhase;
			buildActionMask = 2147483647;
			files = (
				1DF8DF592A92A3A0008EA537 /* AlbumListViewModel.swift in Sources */,
				1DF8DF552A92A0FC008EA537 /* AlbumRepository.swift in Sources */,
				1DB0347429FF0E3B008AB429 /* AfterAppUITestsLaunchTests.swift in Sources */,
				1DF8DF612A92BF07008EA537 /* AuthenticationViewModel.swift in Sources */,
				1DB0347229FF0E3B008AB429 /* AfterAppUITests.swift in Sources */,
			);
			runOnlyForDeploymentPostprocessing = 0;
		};
/* End PBXSourcesBuildPhase section */

/* Begin PBXTargetDependency section */
		1DB0346529FF0E3B008AB429 /* PBXTargetDependency */ = {
			isa = PBXTargetDependency;
			target = 1DB0345229FF0E39008AB429 /* AfterApp */;
			targetProxy = 1DB0346429FF0E3B008AB429 /* PBXContainerItemProxy */;
		};
		1DB0346F29FF0E3B008AB429 /* PBXTargetDependency */ = {
			isa = PBXTargetDependency;
			target = 1DB0345229FF0E39008AB429 /* AfterApp */;
			targetProxy = 1DB0346E29FF0E3B008AB429 /* PBXContainerItemProxy */;
		};
/* End PBXTargetDependency section */

/* Begin XCBuildConfiguration section */
		1DB0347529FF0E3B008AB429 /* Debug */ = {
			isa = XCBuildConfiguration;
			buildSettings = {
				ALWAYS_SEARCH_USER_PATHS = NO;
				CLANG_ANALYZER_NONNULL = YES;
				CLANG_ANALYZER_NUMBER_OBJECT_CONVERSION = YES_AGGRESSIVE;
				CLANG_CXX_LANGUAGE_STANDARD = "gnu++20";
				CLANG_ENABLE_MODULES = YES;
				CLANG_ENABLE_OBJC_ARC = YES;
				CLANG_ENABLE_OBJC_WEAK = YES;
				CLANG_WARN_BLOCK_CAPTURE_AUTORELEASING = YES;
				CLANG_WARN_BOOL_CONVERSION = YES;
				CLANG_WARN_COMMA = YES;
				CLANG_WARN_CONSTANT_CONVERSION = YES;
				CLANG_WARN_DEPRECATED_OBJC_IMPLEMENTATIONS = YES;
				CLANG_WARN_DIRECT_OBJC_ISA_USAGE = YES_ERROR;
				CLANG_WARN_DOCUMENTATION_COMMENTS = YES;
				CLANG_WARN_EMPTY_BODY = YES;
				CLANG_WARN_ENUM_CONVERSION = YES;
				CLANG_WARN_INFINITE_RECURSION = YES;
				CLANG_WARN_INT_CONVERSION = YES;
				CLANG_WARN_NON_LITERAL_NULL_CONVERSION = YES;
				CLANG_WARN_OBJC_IMPLICIT_RETAIN_SELF = YES;
				CLANG_WARN_OBJC_LITERAL_CONVERSION = YES;
				CLANG_WARN_OBJC_ROOT_CLASS = YES_ERROR;
				CLANG_WARN_QUOTED_INCLUDE_IN_FRAMEWORK_HEADER = YES;
				CLANG_WARN_RANGE_LOOP_ANALYSIS = YES;
				CLANG_WARN_STRICT_PROTOTYPES = YES;
				CLANG_WARN_SUSPICIOUS_MOVE = YES;
				CLANG_WARN_UNGUARDED_AVAILABILITY = YES_AGGRESSIVE;
				CLANG_WARN_UNREACHABLE_CODE = YES;
				CLANG_WARN__DUPLICATE_METHOD_MATCH = YES;
				COPY_PHASE_STRIP = NO;
				DEBUG_INFORMATION_FORMAT = dwarf;
				ENABLE_STRICT_OBJC_MSGSEND = YES;
				ENABLE_TESTABILITY = YES;
				GCC_C_LANGUAGE_STANDARD = gnu11;
				GCC_DYNAMIC_NO_PIC = NO;
				GCC_NO_COMMON_BLOCKS = YES;
				GCC_OPTIMIZATION_LEVEL = 0;
				GCC_PREPROCESSOR_DEFINITIONS = (
					"DEBUG=1",
					"$(inherited)",
				);
				GCC_WARN_64_TO_32_BIT_CONVERSION = YES;
				GCC_WARN_ABOUT_RETURN_TYPE = YES_ERROR;
				GCC_WARN_UNDECLARED_SELECTOR = YES;
				GCC_WARN_UNINITIALIZED_AUTOS = YES_AGGRESSIVE;
				GCC_WARN_UNUSED_FUNCTION = YES;
				GCC_WARN_UNUSED_VARIABLE = YES;
				IPHONEOS_DEPLOYMENT_TARGET = 16.1;
				MTL_ENABLE_DEBUG_INFO = INCLUDE_SOURCE;
				MTL_FAST_MATH = YES;
				ONLY_ACTIVE_ARCH = YES;
				SDKROOT = iphoneos;
				SWIFT_ACTIVE_COMPILATION_CONDITIONS = DEBUG;
				SWIFT_OPTIMIZATION_LEVEL = "-Onone";
			};
			name = Debug;
		};
		1DB0347629FF0E3B008AB429 /* Release */ = {
			isa = XCBuildConfiguration;
			buildSettings = {
				ALWAYS_SEARCH_USER_PATHS = NO;
				CLANG_ANALYZER_NONNULL = YES;
				CLANG_ANALYZER_NUMBER_OBJECT_CONVERSION = YES_AGGRESSIVE;
				CLANG_CXX_LANGUAGE_STANDARD = "gnu++20";
				CLANG_ENABLE_MODULES = YES;
				CLANG_ENABLE_OBJC_ARC = YES;
				CLANG_ENABLE_OBJC_WEAK = YES;
				CLANG_WARN_BLOCK_CAPTURE_AUTORELEASING = YES;
				CLANG_WARN_BOOL_CONVERSION = YES;
				CLANG_WARN_COMMA = YES;
				CLANG_WARN_CONSTANT_CONVERSION = YES;
				CLANG_WARN_DEPRECATED_OBJC_IMPLEMENTATIONS = YES;
				CLANG_WARN_DIRECT_OBJC_ISA_USAGE = YES_ERROR;
				CLANG_WARN_DOCUMENTATION_COMMENTS = YES;
				CLANG_WARN_EMPTY_BODY = YES;
				CLANG_WARN_ENUM_CONVERSION = YES;
				CLANG_WARN_INFINITE_RECURSION = YES;
				CLANG_WARN_INT_CONVERSION = YES;
				CLANG_WARN_NON_LITERAL_NULL_CONVERSION = YES;
				CLANG_WARN_OBJC_IMPLICIT_RETAIN_SELF = YES;
				CLANG_WARN_OBJC_LITERAL_CONVERSION = YES;
				CLANG_WARN_OBJC_ROOT_CLASS = YES_ERROR;
				CLANG_WARN_QUOTED_INCLUDE_IN_FRAMEWORK_HEADER = YES;
				CLANG_WARN_RANGE_LOOP_ANALYSIS = YES;
				CLANG_WARN_STRICT_PROTOTYPES = YES;
				CLANG_WARN_SUSPICIOUS_MOVE = YES;
				CLANG_WARN_UNGUARDED_AVAILABILITY = YES_AGGRESSIVE;
				CLANG_WARN_UNREACHABLE_CODE = YES;
				CLANG_WARN__DUPLICATE_METHOD_MATCH = YES;
				COPY_PHASE_STRIP = NO;
				DEBUG_INFORMATION_FORMAT = "dwarf-with-dsym";
				ENABLE_NS_ASSERTIONS = NO;
				ENABLE_STRICT_OBJC_MSGSEND = YES;
				GCC_C_LANGUAGE_STANDARD = gnu11;
				GCC_NO_COMMON_BLOCKS = YES;
				GCC_WARN_64_TO_32_BIT_CONVERSION = YES;
				GCC_WARN_ABOUT_RETURN_TYPE = YES_ERROR;
				GCC_WARN_UNDECLARED_SELECTOR = YES;
				GCC_WARN_UNINITIALIZED_AUTOS = YES_AGGRESSIVE;
				GCC_WARN_UNUSED_FUNCTION = YES;
				GCC_WARN_UNUSED_VARIABLE = YES;
				IPHONEOS_DEPLOYMENT_TARGET = 16.1;
				MTL_ENABLE_DEBUG_INFO = NO;
				MTL_FAST_MATH = YES;
				SDKROOT = iphoneos;
				SWIFT_COMPILATION_MODE = wholemodule;
				SWIFT_OPTIMIZATION_LEVEL = "-O";
				VALIDATE_PRODUCT = YES;
			};
			name = Release;
		};
		1DB0347829FF0E3B008AB429 /* Debug */ = {
			isa = XCBuildConfiguration;
			buildSettings = {
				ASSETCATALOG_COMPILER_APPICON_NAME = AppIcon;
				ASSETCATALOG_COMPILER_GLOBAL_ACCENT_COLOR_NAME = AccentColor;
				CODE_SIGN_STYLE = Automatic;
				CURRENT_PROJECT_VERSION = 1;
				DEVELOPMENT_ASSET_PATHS = "\"AfterApp/Preview Content\"";
				DEVELOPMENT_TEAM = 9L6RNBKCUL;
				ENABLE_PREVIEWS = YES;
				GENERATE_INFOPLIST_FILE = YES;
				INFOPLIST_KEY_CFBundleDisplayName = After;
				INFOPLIST_KEY_LSApplicationCategoryType = "public.app-category.photography";
				INFOPLIST_KEY_UIApplicationSceneManifest_Generation = YES;
				INFOPLIST_KEY_UIApplicationSupportsIndirectInputEvents = YES;
				INFOPLIST_KEY_UILaunchScreen_Generation = YES;
				INFOPLIST_KEY_UIStatusBarStyle = UIStatusBarStyleLightContent;
				INFOPLIST_KEY_UISupportedInterfaceOrientations_iPad = "UIInterfaceOrientationPortrait UIInterfaceOrientationPortraitUpsideDown UIInterfaceOrientationLandscapeLeft UIInterfaceOrientationLandscapeRight";
				INFOPLIST_KEY_UISupportedInterfaceOrientations_iPhone = "UIInterfaceOrientationPortrait UIInterfaceOrientationLandscapeLeft UIInterfaceOrientationLandscapeRight";
				LD_RUNPATH_SEARCH_PATHS = (
					"$(inherited)",
					"@executable_path/Frameworks",
				);
				MARKETING_VERSION = 1.0;
				PRODUCT_BUNDLE_IDENTIFIER = gorjan.AfterApp;
				PRODUCT_NAME = "$(TARGET_NAME)";
				SWIFT_EMIT_LOC_STRINGS = YES;
				SWIFT_VERSION = 5.0;
				TARGETED_DEVICE_FAMILY = "1,2";
			};
			name = Debug;
		};
		1DB0347929FF0E3B008AB429 /* Release */ = {
			isa = XCBuildConfiguration;
			buildSettings = {
				ASSETCATALOG_COMPILER_APPICON_NAME = AppIcon;
				ASSETCATALOG_COMPILER_GLOBAL_ACCENT_COLOR_NAME = AccentColor;
				CODE_SIGN_STYLE = Automatic;
				CURRENT_PROJECT_VERSION = 1;
				DEVELOPMENT_ASSET_PATHS = "\"AfterApp/Preview Content\"";
				DEVELOPMENT_TEAM = 9L6RNBKCUL;
				ENABLE_PREVIEWS = YES;
				GENERATE_INFOPLIST_FILE = YES;
				INFOPLIST_KEY_CFBundleDisplayName = After;
				INFOPLIST_KEY_LSApplicationCategoryType = "public.app-category.photography";
				INFOPLIST_KEY_UIApplicationSceneManifest_Generation = YES;
				INFOPLIST_KEY_UIApplicationSupportsIndirectInputEvents = YES;
				INFOPLIST_KEY_UILaunchScreen_Generation = YES;
				INFOPLIST_KEY_UIStatusBarStyle = UIStatusBarStyleLightContent;
				INFOPLIST_KEY_UISupportedInterfaceOrientations_iPad = "UIInterfaceOrientationPortrait UIInterfaceOrientationPortraitUpsideDown UIInterfaceOrientationLandscapeLeft UIInterfaceOrientationLandscapeRight";
				INFOPLIST_KEY_UISupportedInterfaceOrientations_iPhone = "UIInterfaceOrientationPortrait UIInterfaceOrientationLandscapeLeft UIInterfaceOrientationLandscapeRight";
				LD_RUNPATH_SEARCH_PATHS = (
					"$(inherited)",
					"@executable_path/Frameworks",
				);
				MARKETING_VERSION = 1.0;
				PRODUCT_BUNDLE_IDENTIFIER = gorjan.AfterApp;
				PRODUCT_NAME = "$(TARGET_NAME)";
				SWIFT_EMIT_LOC_STRINGS = YES;
				SWIFT_VERSION = 5.0;
				TARGETED_DEVICE_FAMILY = "1,2";
			};
			name = Release;
		};
		1DB0347B29FF0E3B008AB429 /* Debug */ = {
			isa = XCBuildConfiguration;
			buildSettings = {
				ALWAYS_EMBED_SWIFT_STANDARD_LIBRARIES = YES;
				BUNDLE_LOADER = "$(TEST_HOST)";
				CODE_SIGN_STYLE = Automatic;
				CURRENT_PROJECT_VERSION = 1;
				DEVELOPMENT_TEAM = 9L6RNBKCUL;
				GENERATE_INFOPLIST_FILE = YES;
				IPHONEOS_DEPLOYMENT_TARGET = 16.1;
				MARKETING_VERSION = 1.0;
				PRODUCT_BUNDLE_IDENTIFIER = gorjan.AfterAppTests;
				PRODUCT_NAME = "$(TARGET_NAME)";
				SWIFT_EMIT_LOC_STRINGS = NO;
				SWIFT_VERSION = 5.0;
				TARGETED_DEVICE_FAMILY = "1,2";
				TEST_HOST = "$(BUILT_PRODUCTS_DIR)/AfterApp.app/$(BUNDLE_EXECUTABLE_FOLDER_PATH)/AfterApp";
			};
			name = Debug;
		};
		1DB0347C29FF0E3B008AB429 /* Release */ = {
			isa = XCBuildConfiguration;
			buildSettings = {
				ALWAYS_EMBED_SWIFT_STANDARD_LIBRARIES = YES;
				BUNDLE_LOADER = "$(TEST_HOST)";
				CODE_SIGN_STYLE = Automatic;
				CURRENT_PROJECT_VERSION = 1;
				DEVELOPMENT_TEAM = 9L6RNBKCUL;
				GENERATE_INFOPLIST_FILE = YES;
				IPHONEOS_DEPLOYMENT_TARGET = 16.1;
				MARKETING_VERSION = 1.0;
				PRODUCT_BUNDLE_IDENTIFIER = gorjan.AfterAppTests;
				PRODUCT_NAME = "$(TARGET_NAME)";
				SWIFT_EMIT_LOC_STRINGS = NO;
				SWIFT_VERSION = 5.0;
				TARGETED_DEVICE_FAMILY = "1,2";
				TEST_HOST = "$(BUILT_PRODUCTS_DIR)/AfterApp.app/$(BUNDLE_EXECUTABLE_FOLDER_PATH)/AfterApp";
			};
			name = Release;
		};
		1DB0347E29FF0E3B008AB429 /* Debug */ = {
			isa = XCBuildConfiguration;
			buildSettings = {
				ALWAYS_EMBED_SWIFT_STANDARD_LIBRARIES = YES;
				CODE_SIGN_STYLE = Automatic;
				CURRENT_PROJECT_VERSION = 1;
				DEVELOPMENT_TEAM = 9L6RNBKCUL;
				GENERATE_INFOPLIST_FILE = YES;
				MARKETING_VERSION = 1.0;
				PRODUCT_BUNDLE_IDENTIFIER = gorjan.AfterAppUITests;
				PRODUCT_NAME = "$(TARGET_NAME)";
				SWIFT_EMIT_LOC_STRINGS = NO;
				SWIFT_VERSION = 5.0;
				TARGETED_DEVICE_FAMILY = "1,2";
				TEST_TARGET_NAME = AfterApp;
			};
			name = Debug;
		};
		1DB0347F29FF0E3B008AB429 /* Release */ = {
			isa = XCBuildConfiguration;
			buildSettings = {
				ALWAYS_EMBED_SWIFT_STANDARD_LIBRARIES = YES;
				CODE_SIGN_STYLE = Automatic;
				CURRENT_PROJECT_VERSION = 1;
				DEVELOPMENT_TEAM = 9L6RNBKCUL;
				GENERATE_INFOPLIST_FILE = YES;
				MARKETING_VERSION = 1.0;
				PRODUCT_BUNDLE_IDENTIFIER = gorjan.AfterAppUITests;
				PRODUCT_NAME = "$(TARGET_NAME)";
				SWIFT_EMIT_LOC_STRINGS = NO;
				SWIFT_VERSION = 5.0;
				TARGETED_DEVICE_FAMILY = "1,2";
				TEST_TARGET_NAME = AfterApp;
			};
			name = Release;
		};
/* End XCBuildConfiguration section */

/* Begin XCConfigurationList section */
		1DB0344E29FF0E39008AB429 /* Build configuration list for PBXProject "AfterApp" */ = {
			isa = XCConfigurationList;
			buildConfigurations = (
				1DB0347529FF0E3B008AB429 /* Debug */,
				1DB0347629FF0E3B008AB429 /* Release */,
			);
			defaultConfigurationIsVisible = 0;
			defaultConfigurationName = Release;
		};
		1DB0347729FF0E3B008AB429 /* Build configuration list for PBXNativeTarget "AfterApp" */ = {
			isa = XCConfigurationList;
			buildConfigurations = (
				1DB0347829FF0E3B008AB429 /* Debug */,
				1DB0347929FF0E3B008AB429 /* Release */,
			);
			defaultConfigurationIsVisible = 0;
			defaultConfigurationName = Release;
		};
		1DB0347A29FF0E3B008AB429 /* Build configuration list for PBXNativeTarget "AfterAppTests" */ = {
			isa = XCConfigurationList;
			buildConfigurations = (
				1DB0347B29FF0E3B008AB429 /* Debug */,
				1DB0347C29FF0E3B008AB429 /* Release */,
			);
			defaultConfigurationIsVisible = 0;
			defaultConfigurationName = Release;
		};
		1DB0347D29FF0E3B008AB429 /* Build configuration list for PBXNativeTarget "AfterAppUITests" */ = {
			isa = XCConfigurationList;
			buildConfigurations = (
				1DB0347E29FF0E3B008AB429 /* Debug */,
				1DB0347F29FF0E3B008AB429 /* Release */,
			);
			defaultConfigurationIsVisible = 0;
			defaultConfigurationName = Release;
		};
/* End XCConfigurationList section */

/* Begin XCRemoteSwiftPackageReference section */
		1D958B292A938B690079CE2E /* XCRemoteSwiftPackageReference "rive-ios" */ = {
			isa = XCRemoteSwiftPackageReference;
			repositoryURL = "https://github.com/rive-app/rive-ios.git";
			requirement = {
				branch = main;
				kind = branch;
			};
		};
		1DF8DF4A2A929CAE008EA537 /* XCRemoteSwiftPackageReference "firebase-ios-sdk" */ = {
			isa = XCRemoteSwiftPackageReference;
			repositoryURL = "https://github.com/firebase/firebase-ios-sdk";
			requirement = {
				branch = master;
				kind = branch;
			};
		};
/* End XCRemoteSwiftPackageReference section */

/* Begin XCSwiftPackageProductDependency section */
		1D958B2A2A938B690079CE2E /* RiveRuntime */ = {
			isa = XCSwiftPackageProductDependency;
			package = 1D958B292A938B690079CE2E /* XCRemoteSwiftPackageReference "rive-ios" */;
			productName = RiveRuntime;
		};
		1DF8DF4B2A929CAE008EA537 /* FirebaseAuth */ = {
			isa = XCSwiftPackageProductDependency;
			package = 1DF8DF4A2A929CAE008EA537 /* XCRemoteSwiftPackageReference "firebase-ios-sdk" */;
			productName = FirebaseAuth;
		};
		1DF8DF4D2A929CAE008EA537 /* FirebaseFirestore */ = {
			isa = XCSwiftPackageProductDependency;
			package = 1DF8DF4A2A929CAE008EA537 /* XCRemoteSwiftPackageReference "firebase-ios-sdk" */;
			productName = FirebaseFirestore;
		};
		1DF8DF4F2A929CAE008EA537 /* FirebaseFirestoreSwift */ = {
			isa = XCSwiftPackageProductDependency;
			package = 1DF8DF4A2A929CAE008EA537 /* XCRemoteSwiftPackageReference "firebase-ios-sdk" */;
			productName = FirebaseFirestoreSwift;
		};
/* End XCSwiftPackageProductDependency section */
	};
	rootObject = 1DB0344B29FF0E39008AB429 /* Project object */;
}
